
Microsoft Visual Studio Solution File, Format Version 12.00
# Visual Studio Version 17
VisualStudioVersion = 17.0.31903.59
MinimumVisualStudioVersion = 10.0.40219.1
Project("{2150E333-8FDC-42A3-9474-1A3956D46DE8}") = "src", "src", "{CDBE06CC-D226-41A0-BE4E-F4C9CB84F112}"
EndProject
Project("{FAE04EC0-301F-11D3-BF4B-00C04F79EFBC}") = "Boolit.NET", "src\Boolit.NET\Boolit.NET.csproj", "{3FA9477A-511A-4BDD-95FD-8484F850F822}"
EndProject
Project("{2150E333-8FDC-42A3-9474-1A3956D46DE8}") = "Solution Items", "Solution Items", "{3119CB99-F47D-42FE-9FA3-D44AACC68F86}"
EndProject
Project("{FAE04EC0-301F-11D3-BF4B-00C04F79EFBC}") = "SampleConsole", "src\SampleConsole\SampleConsole.csproj", "{D0EF8C4D-8B85-4ED3-B2CA-C2E514038161}"
EndProject
Project("{2150E333-8FDC-42A3-9474-1A3956D46DE8}") = "tests", "tests", "{2D575547-2163-4601-A235-E5F22D508F5F}"
EndProject
Project("{FAE04EC0-301F-11D3-BF4B-00C04F79EFBC}") = "Boolit.NET.UnitTests.XUnit", "tests\Boolit.NET.UnitTests.XUnit\Boolit.NET.UnitTests.XUnit.csproj", "{F06BF4FD-93F0-4C32-BE92-0E70A2A9B83C}"
EndProject
Project("{FAE04EC0-301F-11D3-BF4B-00C04F79EFBC}") = "Boolit.NET.UnitTests.TUnit", "tests\Boolit.NET.UnitTests.TUnit\Boolit.NET.UnitTests.TUnit.csproj", "{E0ABB4F4-1985-458E-BCC5-51504A278F86}"
EndProject
Global
	GlobalSection(SolutionConfigurationPlatforms) = preSolution
		Debug|Any CPU = Debug|Any CPU
		Release|Any CPU = Release|Any CPU
	EndGlobalSection
	GlobalSection(ProjectConfigurationPlatforms) = postSolution
		{3FA9477A-511A-4BDD-95FD-8484F850F822}.Debug|Any CPU.ActiveCfg = Debug|Any CPU
		{3FA9477A-511A-4BDD-95FD-8484F850F822}.Debug|Any CPU.Build.0 = Debug|Any CPU
		{3FA9477A-511A-4BDD-95FD-8484F850F822}.Release|Any CPU.ActiveCfg = Release|Any CPU
		{3FA9477A-511A-4BDD-95FD-8484F850F822}.Release|Any CPU.Build.0 = Release|Any CPU
		{D0EF8C4D-8B85-4ED3-B2CA-C2E514038161}.Debug|Any CPU.ActiveCfg = Debug|Any CPU
		{D0EF8C4D-8B85-4ED3-B2CA-C2E514038161}.Debug|Any CPU.Build.0 = Debug|Any CPU
		{D0EF8C4D-8B85-4ED3-B2CA-C2E514038161}.Release|Any CPU.ActiveCfg = Release|Any CPU
		{D0EF8C4D-8B85-4ED3-B2CA-C2E514038161}.Release|Any CPU.Build.0 = Release|Any CPU
		{F06BF4FD-93F0-4C32-BE92-0E70A2A9B83C}.Debug|Any CPU.ActiveCfg = Debug|Any CPU
		{F06BF4FD-93F0-4C32-BE92-0E70A2A9B83C}.Debug|Any CPU.Build.0 = Debug|Any CPU
		{F06BF4FD-93F0-4C32-BE92-0E70A2A9B83C}.Release|Any CPU.ActiveCfg = Release|Any CPU
		{F06BF4FD-93F0-4C32-BE92-0E70A2A9B83C}.Release|Any CPU.Build.0 = Release|Any CPU
		{E0ABB4F4-1985-458E-BCC5-51504A278F86}.Debug|Any CPU.ActiveCfg = Debug|Any CPU
		{E0ABB4F4-1985-458E-BCC5-51504A278F86}.Debug|Any CPU.Build.0 = Debug|Any CPU
		{E0ABB4F4-1985-458E-BCC5-51504A278F86}.Release|Any CPU.ActiveCfg = Release|Any CPU
		{E0ABB4F4-1985-458E-BCC5-51504A278F86}.Release|Any CPU.Build.0 = Release|Any CPU
	EndGlobalSection
	GlobalSection(SolutionProperties) = preSolution
		HideSolutionNode = FALSE
	EndGlobalSection
	GlobalSection(NestedProjects) = preSolution
		{3FA9477A-511A-4BDD-95FD-8484F850F822} = {CDBE06CC-D226-41A0-BE4E-F4C9CB84F112}
		{D0EF8C4D-8B85-4ED3-B2CA-C2E514038161} = {CDBE06CC-D226-41A0-BE4E-F4C9CB84F112}
		{F06BF4FD-93F0-4C32-BE92-0E70A2A9B83C} = {2D575547-2163-4601-A235-E5F22D508F5F}
		{E0ABB4F4-1985-458E-BCC5-51504A278F86} = {2D575547-2163-4601-A235-E5F22D508F5F}
	EndGlobalSection
EndGlobal
